Microsoft Visual Studio Solution File, Format Version 12.00
# Visual Studio 2012
Project("{FAE04EC0-301F-11D3-BF4B-00C04F79EFBC}") = "Survivors Starter Kit", "Survivors Starter Kit.csproj", "{C0B02525-CCBF-4C3B-8E83-F1B8A3AE3CA9}"
EndProject
Global
	GlobalSection(SolutionConfigurationPlatforms) = preSolution
	Debug|Any CPU = Debug|Any CPU
	ExportDebug|Any CPU = ExportDebug|Any CPU
	ExportRelease|Any CPU = ExportRelease|Any CPU
	EndGlobalSection
	GlobalSection(ProjectConfigurationPlatforms) = postSolution
		{C0B02525-CCBF-4C3B-8E83-F1B8A3AE3CA9}.Debug|Any CPU.ActiveCfg = Debug|Any CPU
		{C0B02525-CCBF-4C3B-8E83-F1B8A3AE3CA9}.Debug|Any CPU.Build.0 = Debug|Any CPU
		{C0B02525-CCBF-4C3B-8E83-F1B8A3AE3CA9}.ExportDebug|Any CPU.ActiveCfg = ExportDebug|Any CPU
		{C0B02525-CCBF-4C3B-8E83-F1B8A3AE3CA9}.ExportDebug|Any CPU.Build.0 = ExportDebug|Any CPU
		{C0B02525-CCBF-4C3B-8E83-F1B8A3AE3CA9}.ExportRelease|Any CPU.ActiveCfg = ExportRelease|Any CPU
		{C0B02525-CCBF-4C3B-8E83-F1B8A3AE3CA9}.ExportRelease|Any CPU.Build.0 = ExportRelease|Any CPU
	EndGlobalSection
EndGlobal
